lockfileVersion: '6.0'

dependencies:
  '@actions/core':
    specifier: ^1.2.3
    version: 1.10.0
  '@actions/github':
    specifier: ^2.1.1
    version: 2.2.0(@octokit/core@4.2.0)
  changelogen:
    specifier: ^0.5.5
    version: 0.5.5

devDependencies:
  '@types/node':
    specifier: ^20.10.7
    version: 20.10.7
  '@vercel/ncc':
    specifier: ^0.36.1
    version: 0.36.1
  typescript:
    specifier: ^5.3.3
    version: 5.3.3

packages:

  /@actions/core@1.10.0:
    resolution: {integrity: sha512-2aZDDa3zrrZbP5ZYg159sNoLRb61nQ7awl5pSvIq5Qpj81vwDzdMRKzkWJGJuwVvWpvZKx7vspJALyvaaIQyug==}
    dependencies:
      '@actions/http-client': 2.1.0
      uuid: 8.3.2
    dev: false

  /@actions/github@2.2.0(@octokit/core@4.2.0):
    resolution: {integrity: sha512-9UAZqn8ywdR70n3GwVle4N8ALosQs4z50N7XMXrSTUVOmVpaBC5kE3TRTT7qQdi3OaQV24mjGuJZsHUmhD+ZXw==}
    dependencies:
      '@actions/http-client': 1.0.11
      '@octokit/graphql': 4.8.0
      '@octokit/rest': 16.43.2(@octokit/core@4.2.0)
    transitivePeerDependencies:
      - '@octokit/core'
      - encoding
    dev: false

  /@actions/http-client@1.0.11:
    resolution: {integrity: sha512-VRYHGQV1rqnROJqdMvGUbY/Kn8vriQe/F9HR2AlYHzmKuM/p3kjNuXhmdBfcVgsvRWTz5C5XW5xvndZrVBuAYg==}
    dependencies:
      tunnel: 0.0.6
    dev: false

  /@actions/http-client@2.1.0:
    resolution: {integrity: sha512-BonhODnXr3amchh4qkmjPMUO8mFi/zLaaCeCAJZqch8iQqyDnVIkySjB38VHAC8IJ+bnlgfOqlhpyCUZHlQsqw==}
    dependencies:
      tunnel: 0.0.6
    dev: false

  /@octokit/auth-token@2.5.0:
    resolution: {integrity: sha512-r5FVUJCOLl19AxiuZD2VRZ/ORjp/4IN98Of6YJoJOkY75CIBuYfmiNHGrDwXr+aLGG55igl9QrxX3hbiXlLb+g==}
    dependencies:
      '@octokit/types': 6.41.0
    dev: false

  /@octokit/auth-token@3.0.3:
    resolution: {integrity: sha512-/aFM2M4HVDBT/jjDBa84sJniv1t9Gm/rLkalaz9htOm+L+8JMj1k9w0CkUdcxNyNxZPlTxKPVko+m1VlM58ZVA==}
    engines: {node: '>= 14'}
    dependencies:
      '@octokit/types': 9.0.0
    dev: false

  /@octokit/core@4.2.0:
    resolution: {integrity: sha512-AgvDRUg3COpR82P7PBdGZF/NNqGmtMq2NiPqeSsDIeCfYFOZ9gddqWNQHnFdEUf+YwOj4aZYmJnlPp7OXmDIDg==}
    engines: {node: '>= 14'}
    dependencies:
      '@octokit/auth-token': 3.0.3
      '@octokit/graphql': 5.0.5
      '@octokit/request': 6.2.3
      '@octokit/request-error': 3.0.3
      '@octokit/types': 9.0.0
      before-after-hook: 2.2.3
      universal-user-agent: 6.0.0
    transitivePeerDependencies:
      - encoding
    dev: false

  /@octokit/endpoint@6.0.12:
    resolution: {integrity: sha512-lF3puPwkQWGfkMClXb4k/eUT/nZKQfxinRWJrdZaJO85Dqwo/G0yOC434Jr2ojwafWJMYqFGFa5ms4jJUgujdA==}
    dependencies:
      '@octokit/types': 6.41.0
      is-plain-object: 5.0.0
      universal-user-agent: 6.0.0
    dev: false

  /@octokit/endpoint@7.0.5:
    resolution: {integrity: sha512-LG4o4HMY1Xoaec87IqQ41TQ+glvIeTKqfjkCEmt5AIwDZJwQeVZFIEYXrYY6yLwK+pAScb9Gj4q+Nz2qSw1roA==}
    engines: {node: '>= 14'}
    dependencies:
      '@octokit/types': 9.0.0
      is-plain-object: 5.0.0
      universal-user-agent: 6.0.0
    dev: false

  /@octokit/graphql@4.8.0:
    resolution: {integrity: sha512-0gv+qLSBLKF0z8TKaSKTsS39scVKF9dbMxJpj3U0vC7wjNWFuIpL/z76Qe2fiuCbDRcJSavkXsVtMS6/dtQQsg==}
    dependencies:
      '@octokit/request': 5.6.3
      '@octokit/types': 6.41.0
      universal-user-agent: 6.0.0
    transitivePeerDependencies:
      - encoding
    dev: false

  /@octokit/graphql@5.0.5:
    resolution: {integrity: sha512-Qwfvh3xdqKtIznjX9lz2D458r7dJPP8l6r4GQkIdWQouZwHQK0mVT88uwiU2bdTU2OtT1uOlKpRciUWldpG0yQ==}
    engines: {node: '>= 14'}
    dependencies:
      '@octokit/request': 6.2.3
      '@octokit/types': 9.0.0
      universal-user-agent: 6.0.0
    transitivePeerDependencies:
      - encoding
    dev: false

  /@octokit/openapi-types@12.11.0:
    resolution: {integrity: sha512-VsXyi8peyRq9PqIz/tpqiL2w3w80OgVMwBHltTml3LmVvXiphgeqmY9mvBw9Wu7e0QWk/fqD37ux8yP5uVekyQ==}
    dev: false

  /@octokit/openapi-types@16.0.0:
    resolution: {integrity: sha512-JbFWOqTJVLHZSUUoF4FzAZKYtqdxWu9Z5m2QQnOyEa04fOFljvyh7D3GYKbfuaSWisqehImiVIMG4eyJeP5VEA==}
    dev: false

  /@octokit/plugin-paginate-rest@1.1.2:
    resolution: {integrity: sha512-jbsSoi5Q1pj63sC16XIUboklNw+8tL9VOnJsWycWYR78TKss5PVpIPb1TUUcMQ+bBh7cY579cVAWmf5qG+dw+Q==}
    dependencies:
      '@octokit/types': 2.16.2
    dev: false

  /@octokit/plugin-request-log@1.0.4(@octokit/core@4.2.0):
    resolution: {integrity: sha512-mLUsMkgP7K/cnFEw07kWqXGF5LKrOkD+lhCrKvPHXWDywAwuDUeDwWBpc69XK3pNX0uKiVt8g5z96PJ6z9xCFA==}
    peerDependencies:
      '@octokit/core': '>=3'
    dependencies:
      '@octokit/core': 4.2.0
    dev: false

  /@octokit/plugin-rest-endpoint-methods@2.4.0:
    resolution: {integrity: sha512-EZi/AWhtkdfAYi01obpX0DF7U6b1VRr30QNQ5xSFPITMdLSfhcBqjamE3F+sKcxPbD7eZuMHu3Qkk2V+JGxBDQ==}
    dependencies:
      '@octokit/types': 2.16.2
      deprecation: 2.3.1
    dev: false

  /@octokit/request-error@1.2.1:
    resolution: {integrity: sha512-+6yDyk1EES6WK+l3viRDElw96MvwfJxCt45GvmjDUKWjYIb3PJZQkq3i46TwGwoPD4h8NmTrENmtyA1FwbmhRA==}
    dependencies:
      '@octokit/types': 2.16.2
      deprecation: 2.3.1
      once: 1.4.0
    dev: false

  /@octokit/request-error@2.1.0:
    resolution: {integrity: sha512-1VIvgXxs9WHSjicsRwq8PlR2LR2x6DwsJAaFgzdi0JfJoGSO8mYI/cHJQ+9FbN21aa+DrgNLnwObmyeSC8Rmpg==}
    dependencies:
      '@octokit/types': 6.41.0
      deprecation: 2.3.1
      once: 1.4.0
    dev: false

  /@octokit/request-error@3.0.3:
    resolution: {integrity: sha512-crqw3V5Iy2uOU5Np+8M/YexTlT8zxCfI+qu+LxUB7SZpje4Qmx3mub5DfEKSO8Ylyk0aogi6TYdf6kxzh2BguQ==}
    engines: {node: '>= 14'}
    dependencies:
      '@octokit/types': 9.0.0
      deprecation: 2.3.1
      once: 1.4.0
    dev: false

  /@octokit/request@5.6.3:
    resolution: {integrity: sha512-bFJl0I1KVc9jYTe9tdGGpAMPy32dLBXXo1dS/YwSCTL/2nd9XeHsY616RE3HPXDVk+a+dBuzyz5YdlXwcDTr2A==}
    dependencies:
      '@octokit/endpoint': 6.0.12
      '@octokit/request-error': 2.1.0
      '@octokit/types': 6.41.0
      is-plain-object: 5.0.0
      node-fetch: 2.6.9
      universal-user-agent: 6.0.0
    transitivePeerDependencies:
      - encoding
    dev: false

  /@octokit/request@6.2.3:
    resolution: {integrity: sha512-TNAodj5yNzrrZ/VxP+H5HiYaZep0H3GU0O7PaF+fhDrt8FPrnkei9Aal/txsN/1P7V3CPiThG0tIvpPDYUsyAA==}
    engines: {node: '>= 14'}
    dependencies:
      '@octokit/endpoint': 7.0.5
      '@octokit/request-error': 3.0.3
      '@octokit/types': 9.0.0
      is-plain-object: 5.0.0
      node-fetch: 2.6.9
      universal-user-agent: 6.0.0
    transitivePeerDependencies:
      - encoding
    dev: false

  /@octokit/rest@16.43.2(@octokit/core@4.2.0):
    resolution: {integrity: sha512-ngDBevLbBTFfrHZeiS7SAMAZ6ssuVmXuya+F/7RaVvlysgGa1JKJkKWY+jV6TCJYcW0OALfJ7nTIGXcBXzycfQ==}
    dependencies:
      '@octokit/auth-token': 2.5.0
      '@octokit/plugin-paginate-rest': 1.1.2
      '@octokit/plugin-request-log': 1.0.4(@octokit/core@4.2.0)
      '@octokit/plugin-rest-endpoint-methods': 2.4.0
      '@octokit/request': 5.6.3
      '@octokit/request-error': 1.2.1
      atob-lite: 2.0.0
      before-after-hook: 2.2.3
      btoa-lite: 1.0.0
      deprecation: 2.3.1
      lodash.get: 4.4.2
      lodash.set: 4.3.2
      lodash.uniq: 4.5.0
      octokit-pagination-methods: 1.1.0
      once: 1.4.0
      universal-user-agent: 4.0.1
    transitivePeerDependencies:
      - '@octokit/core'
      - encoding
    dev: false

  /@octokit/types@2.16.2:
    resolution: {integrity: sha512-O75k56TYvJ8WpAakWwYRN8Bgu60KrmX0z1KqFp1kNiFNkgW+JW+9EBKZ+S33PU6SLvbihqd+3drvPxKK68Ee8Q==}
    dependencies:
      '@types/node': 20.10.7
    dev: false

  /@octokit/types@6.41.0:
    resolution: {integrity: sha512-eJ2jbzjdijiL3B4PrSQaSjuF2sPEQPVCPzBvTHJD9Nz+9dw2SGH4K4xeQJ77YfTq5bRQ+bD8wT11JbeDPmxmGg==}
    dependencies:
      '@octokit/openapi-types': 12.11.0
    dev: false

  /@octokit/types@9.0.0:
    resolution: {integrity: sha512-LUewfj94xCMH2rbD5YJ+6AQ4AVjFYTgpp6rboWM5T7N3IsIF65SBEOVcYMGAEzO/kKNiNaW4LoWtoThOhH06gw==}
    dependencies:
      '@octokit/openapi-types': 16.0.0
    dev: false

  /@types/node@20.10.7:
    resolution: {integrity: sha512-fRbIKb8C/Y2lXxB5eVMj4IU7xpdox0Lh8bUPEdtLysaylsml1hOOx1+STloRs/B9nf7C6kPRmmg/V7aQW7usNg==}
    dependencies:
      undici-types: 5.26.5

  /@vercel/ncc@0.36.1:
    resolution: {integrity: sha512-S4cL7Taa9yb5qbv+6wLgiKVZ03Qfkc4jGRuiUQMQ8HGBD5pcNRnHeYM33zBvJE4/zJGjJJ8GScB+WmTsn9mORw==}
    hasBin: true
    dev: true

  /acorn@8.11.3:
    resolution: {integrity: sha512-Y9rRfJG5jcKOE0CLisYbojUjIrIEE7AGMzA/Sm4BslANhbS+cDMpgBdcPT91oJ7OuJ9hYJBx59RjbhxVnrF8Xg==}
    engines: {node: '>=0.4.0'}
    hasBin: true
    dev: false

  /acorn@8.8.2:
    resolution: {integrity: sha512-xjIYgE8HBrkpd/sJqOGNspf8uHG+NOHGOw6a/Urj8taM2EXfdNAH2oFcPeIFfsv3+kz/mJrS5VuMqbNLjCa2vw==}
    engines: {node: '>=0.4.0'}
    hasBin: true
    dev: false

  /anymatch@3.1.3:
    resolution: {integrity: sha512-KMReFUr0B4t+D+OBkjR3KYqvocp2XaSzO55UcB6mgQMd3KbcE+mWTyvVV7D/zsdEbNnV6acZUutkiHQXvTr1Rw==}
    engines: {node: '>= 8'}
    dependencies:
      normalize-path: 3.0.0
      picomatch: 2.3.1
    dev: false

  /atob-lite@2.0.0:
    resolution: {integrity: sha512-LEeSAWeh2Gfa2FtlQE1shxQ8zi5F9GHarrGKz08TMdODD5T4eH6BMsvtnhbWZ+XQn+Gb6om/917ucvRu7l7ukw==}
    dev: false

  /before-after-hook@2.2.3:
    resolution: {integrity: sha512-NzUnlZexiaH/46WDhANlyR2bXRopNg4F/zuSA3OpZnllCUgRaOF2znDioDWrmbNVsuZk6l9pMquQB38cfBZwkQ==}
    dev: false

  /big-integer@1.6.52:
    resolution: {integrity: sha512-QxD8cf2eVqJOOz63z6JIN9BzvVs/dlySa5HGSBH5xtR8dPteIRQnBxxKqkNTiT6jbDTF6jAfrd4oMcND9RGbQg==}
    engines: {node: '>=0.6'}
    dev: false

  /binary-extensions@2.2.0:
    resolution: {integrity: sha512-jDctJ/IVQbZoJykoeHbhXpOlNBqGNcwXJKJog42E5HDPUwQTSdjCHdihjj0DlnheQ7blbT6dHOafNAiS8ooQKA==}
    engines: {node: '>=8'}
    dev: false

  /bplist-parser@0.2.0:
    resolution: {integrity: sha512-z0M+byMThzQmD9NILRniCUXYsYpjwnlO8N5uCFaCqIOpqRsJCrQL9NK3JsD67CN5a08nF5oIL2bD6loTdHOuKw==}
    engines: {node: '>= 5.10.0'}
    dependencies:
      big-integer: 1.6.52
    dev: false

  /braces@3.0.2:
    resolution: {integrity: sha512-b8um+L1RzM3WDSzvhm6gIz1yfTbBt6YTlcEKAvsmqCZZFw46z626lVj9j1yEPW33H5H+lBQpZMP1k8l+78Ha0A==}
    engines: {node: '>=8'}
    dependencies:
      fill-range: 7.0.1
    dev: false

  /btoa-lite@1.0.0:
    resolution: {integrity: sha512-gvW7InbIyF8AicrqWoptdW08pUxuhq8BEgowNajy9RhiE86fmGAGl+bLKo6oB8QP0CkqHLowfN0oJdKC/J6LbA==}
    dev: false

  /bundle-name@3.0.0:
    resolution: {integrity: sha512-PKA4BeSvBpQKQ8iPOGCSiell+N8P+Tf1DlwqmYhpe2gAhKPHn8EYOxVT+ShuGmhg8lN8XiSlS80yiExKXrURlw==}
    engines: {node: '>=12'}
    dependencies:
      run-applescript: 5.0.0
    dev: false

  /c12@1.6.1:
    resolution: {integrity: sha512-fAZOi3INDvIbmjuwAVVggusyRTxwNdTAnwLay8IsXwhFzDwPPGzFxzrx6L55CPFGPulUSZI0eyFUvRDXveoE3g==}
    dependencies:
      chokidar: 3.5.3
      defu: 6.1.4
      dotenv: 16.3.1
      giget: 1.2.1
      jiti: 1.21.0
      mlly: 1.4.2
      ohash: 1.1.3
      pathe: 1.1.1
      perfect-debounce: 1.0.0
      pkg-types: 1.0.3
      rc9: 2.1.1
    dev: false

  /changelogen@0.5.5:
    resolution: {integrity: sha512-IzgToIJ/R9NhVKmL+PW33ozYkv53bXvufDNUSH3GTKXq1iCHGgkbgbtqEWbo8tnWNnt7nPDpjL8PwSG2iS8RVw==}
    hasBin: true
    dependencies:
      c12: 1.6.1
      colorette: 2.0.20
      consola: 3.2.3
      convert-gitmoji: 0.1.3
      execa: 8.0.1
      mri: 1.2.0
      node-fetch-native: 1.6.1
      ofetch: 1.3.3
      open: 9.1.0
      pathe: 1.1.1
      pkg-types: 1.0.3
      scule: 1.0.0
      semver: 7.5.4
      std-env: 3.7.0
      yaml: 2.3.4
    dev: false

  /chokidar@3.5.3:
    resolution: {integrity: sha512-Dr3sfKRP6oTcjf2JmUmFJfeVMvXBdegxB0iVQ5eb2V10uFJUCAS8OByZdVAyVb8xXNz3GjjTgj9kLWsZTqE6kw==}
    engines: {node: '>= 8.10.0'}
    dependencies:
      anymatch: 3.1.3
      braces: 3.0.2
      glob-parent: 5.1.2
      is-binary-path: 2.1.0
      is-glob: 4.0.3
      normalize-path: 3.0.0
      readdirp: 3.6.0
    optionalDependencies:
      fsevents: 2.3.3
    dev: false

  /chownr@2.0.0:
    resolution: {integrity: sha512-bIomtDF5KGpdogkLd9VspvFzk9KfpyyGlS8YFVZl7TGPBHL5snIOnxeshwVgPteQ9b4Eydl+pVbIyE1DcvCWgQ==}
    engines: {node: '>=10'}
    dev: false

  /citty@0.1.5:
    resolution: {integrity: sha512-AS7n5NSc0OQVMV9v6wt3ByujNIrne0/cTjiC2MYqhvao57VNfiuVksTSr2p17nVOhEr2KtqiAkGwHcgMC/qUuQ==}
    dependencies:
      consola: 3.2.3
    dev: false

  /colorette@2.0.20:
    resolution: {integrity: sha512-IfEDxwoWIjkeXL1eXcDiow4UbKjhLdq6/EuSVR9GMN7KVH3r9gQ83e73hsz1Nd1T3ijd5xv1wcWRYO+D6kCI2w==}
    dev: false

  /consola@3.2.3:
    resolution: {integrity: sha512-I5qxpzLv+sJhTVEoLYNcTW+bThDCPsit0vLNKShZx6rLtpilNpmmeTPaeqJb9ZE9dV3DGaeby6Vuhrw38WjeyQ==}
    engines: {node: ^14.18.0 || >=16.10.0}
    dev: false

  /convert-gitmoji@0.1.3:
    resolution: {integrity: sha512-t5yxPyI8h8KPvRwrS/sRrfIpT2gJbmBAY0TFokyUBy3PM44RuFRpZwHdACz+GTSPLRLo3s4qsscOMLjHiXBwzw==}
    dev: false

  /cross-spawn@6.0.5:
    resolution: {integrity: sha512-eTVLrBSt7fjbDygz805pMnstIs2VTBNkRm0qxZd+M7A5XDdxVRWO5MxGBXZhjY4cqLYLdtrGqRf8mBPmzwSpWQ==}
    engines: {node: '>=4.8'}
    dependencies:
      nice-try: 1.0.5
      path-key: 2.0.1
      semver: 5.7.1
      shebang-command: 1.2.0
      which: 1.3.1
    dev: false

  /cross-spawn@7.0.3:
    resolution: {integrity: sha512-iRDPJKUPVEND7dHPO8rkbOnPpyDygcDFtWjpeWNCgy8WP2rXcxXL8TskReQl6OrB2G7+UJrags1q15Fudc7G6w==}
    engines: {node: '>= 8'}
    dependencies:
      path-key: 3.1.1
      shebang-command: 2.0.0
      which: 2.0.2
    dev: false

  /default-browser-id@3.0.0:
    resolution: {integrity: sha512-OZ1y3y0SqSICtE8DE4S8YOE9UZOJ8wO16fKWVP5J1Qz42kV9jcnMVFrEE/noXb/ss3Q4pZIH79kxofzyNNtUNA==}
    engines: {node: '>=12'}
    dependencies:
      bplist-parser: 0.2.0
      untildify: 4.0.0
    dev: false

  /default-browser@4.0.0:
    resolution: {integrity: sha512-wX5pXO1+BrhMkSbROFsyxUm0i/cJEScyNhA4PPxc41ICuv05ZZB/MX28s8aZx6xjmatvebIapF6hLEKEcpneUA==}
    engines: {node: '>=14.16'}
    dependencies:
      bundle-name: 3.0.0
      default-browser-id: 3.0.0
      execa: 7.1.1
      titleize: 3.0.0
    dev: false

  /define-lazy-prop@3.0.0:
    resolution: {integrity: sha512-N+MeXYoqr3pOgn8xfyRPREN7gHakLYjhsHhWGT3fWAiL4IkAt0iDw14QiiEm2bE30c5XX5q0FtAA3CK5f9/BUg==}
    engines: {node: '>=12'}
    dev: false

  /defu@6.1.4:
    resolution: {integrity: sha512-mEQCMmwJu317oSz8CwdIOdwf3xMif1ttiM8LTufzc3g6kR+9Pe236twL8j3IYT1F7GfRgGcW6MWxzZjLIkuHIg==}
    dev: false

  /deprecation@2.3.1:
    resolution: {integrity: sha512-xmHIy4F3scKVwMsQ4WnVaS8bHOx0DmVwRywosKhaILI0ywMDWPtBSku2HNxRvF7jtwDRsoEwYQSfbxj8b7RlJQ==}
    dev: false

  /destr@2.0.2:
    resolution: {integrity: sha512-65AlobnZMiCET00KaFFjUefxDX0khFA/E4myqZ7a6Sq1yZtR8+FVIvilVX66vF2uobSumxooYZChiRPCKNqhmg==}
    dev: false

  /dotenv@16.3.1:
    resolution: {integrity: sha512-IPzF4w4/Rd94bA9imS68tZBaYyBWSCE47V1RGuMrB94iyTOIEwRmVL2x/4An+6mETpLrKJ5hQkB8W4kFAadeIQ==}
    engines: {node: '>=12'}
    dev: false

  /end-of-stream@1.4.4:
    resolution: {integrity: sha512-+uw1inIHVPQoaVuHzRyXd21icM+cnt4CzD5rW+NC1wjOUSTOs+Te7FOv7AhN7vS9x/oIyhLP5PR1H+phQAHu5Q==}
    dependencies:
      once: 1.4.0
    dev: false

  /execa@1.0.0:
    resolution: {integrity: sha512-adbxcyWV46qiHyvSp50TKt05tB4tK3HcmF7/nxfAdhnox83seTDbwnaqKO4sXRy7roHAIFqJP/Rw/AuEbX61LA==}
    engines: {node: '>=6'}
    dependencies:
      cross-spawn: 6.0.5
      get-stream: 4.1.0
      is-stream: 1.1.0
      npm-run-path: 2.0.2
      p-finally: 1.0.0
      signal-exit: 3.0.7
      strip-eof: 1.0.0
    dev: false

  /execa@5.1.1:
    resolution: {integrity: sha512-8uSpZZocAZRBAPIEINJj3Lo9HyGitllczc27Eh5YYojjMFMn8yHMDMaUHE2Jqfq05D/wucwI4JGURyXt1vchyg==}
    engines: {node: '>=10'}
    dependencies:
      cross-spawn: 7.0.3
      get-stream: 6.0.1
      human-signals: 2.1.0
      is-stream: 2.0.1
      merge-stream: 2.0.0
      npm-run-path: 4.0.1
      onetime: 5.1.2
      signal-exit: 3.0.7
      strip-final-newline: 2.0.0
    dev: false

  /execa@7.1.1:
    resolution: {integrity: sha512-wH0eMf/UXckdUYnO21+HDztteVv05rq2GXksxT4fCGeHkBhw1DROXh40wcjMcRqDOWE7iPJ4n3M7e2+YFP+76Q==}
    engines: {node: ^14.18.0 || ^16.14.0 || >=18.0.0}
    dependencies:
      cross-spawn: 7.0.3
      get-stream: 6.0.1
      human-signals: 4.3.0
      is-stream: 3.0.0
      merge-stream: 2.0.0
      npm-run-path: 5.1.0
      onetime: 6.0.0
      signal-exit: 3.0.7
      strip-final-newline: 3.0.0
    dev: false

  /execa@8.0.1:
    resolution: {integrity: sha512-VyhnebXciFV2DESc+p6B+y0LjSm0krU4OgJN44qFAhBY0TJ+1V61tYD2+wHusZ6F9n5K+vl8k0sTy7PEfV4qpg==}
    engines: {node: '>=16.17'}
    dependencies:
      cross-spawn: 7.0.3
      get-stream: 8.0.1
      human-signals: 5.0.0
      is-stream: 3.0.0
      merge-stream: 2.0.0
      npm-run-path: 5.1.0
      onetime: 6.0.0
      signal-exit: 4.1.0
      strip-final-newline: 3.0.0
    dev: false

  /fill-range@7.0.1:
    resolution: {integrity: sha512-qOo9F+dMUmC2Lcb4BbVvnKJxTPjCm+RRpe4gDuGrzkL7mEVl/djYSu2OdQ2Pa302N4oqkSg9ir6jaLWJ2USVpQ==}
    engines: {node: '>=8'}
    dependencies:
      to-regex-range: 5.0.1
    dev: false

  /flat@5.0.2:
    resolution: {integrity: sha512-b6suED+5/3rTpUBdG1gupIl8MPFCAMA0QXwmljLhvCUKcUvdE4gWky9zpuGCcXHOsz4J9wPGNWq6OKpmIzz3hQ==}
    hasBin: true
    dev: false

  /fs-minipass@2.1.0:
    resolution: {integrity: sha512-V/JgOLFCS+R6Vcq0slCuaeWEdNC3ouDlJMNIsacH2VtALiu9mV4LPrHc5cDl8k5aw6J8jwgWWpiTo5RYhmIzvg==}
    engines: {node: '>= 8'}
    dependencies:
      minipass: 3.3.6
    dev: false

  /fsevents@2.3.3:
    resolution: {integrity: sha512-5xoDfX+fL7faATnagmWPpbFtwh/R77WmMMqqHGS65C3vvB0YHrgF+B1YmZ3441tMj5n63k0212XNoJwzlhffQw==}
    engines: {node: ^8.16.0 || ^10.6.0 || >=11.0.0}
    os: [darwin]
    requiresBuild: true
    dev: false
    optional: true

  /get-stream@4.1.0:
    resolution: {integrity: sha512-GMat4EJ5161kIy2HevLlr4luNjBgvmj413KaQA7jt4V8B4RDsfpHk7WQ9GVqfYyyx8OS/L66Kox+rJRNklLK7w==}
    engines: {node: '>=6'}
    dependencies:
      pump: 3.0.0
    dev: false

  /get-stream@6.0.1:
    resolution: {integrity: sha512-ts6Wi+2j3jQjqi70w5AlN8DFnkSwC+MqmxEzdEALB2qXZYV3X/b1CTfgPLGJNMeAWxdPfU8FO1ms3NUfaHCPYg==}
    engines: {node: '>=10'}
    dev: false

  /get-stream@8.0.1:
    resolution: {integrity: sha512-VaUJspBffn/LMCJVoMvSAdmscJyS1auj5Zulnn5UoYcY531UWmdwhRWkcGKnGU93m5HSXP9LP2usOryrBtQowA==}
    engines: {node: '>=16'}
    dev: false

  /giget@1.2.1:
    resolution: {integrity: sha512-4VG22mopWtIeHwogGSy1FViXVo0YT+m6BrqZfz0JJFwbSsePsCdOzdLIIli5BtMp7Xe8f/o2OmBpQX2NBOC24g==}
    hasBin: true
    dependencies:
      citty: 0.1.5
      consola: 3.2.3
      defu: 6.1.4
      node-fetch-native: 1.6.1
      nypm: 0.3.4
      ohash: 1.1.3
      pathe: 1.1.1
      tar: 6.2.0
    dev: false

  /glob-parent@5.1.2:
    resolution: {integrity: sha512-AOIgSQCepiJYwP3ARnGx+5VnTu2HBYdzbGP45eLw1vr3zB3vZLeyed1sC9hnbcOc9/SrMyM5RPQrkGz4aS9Zow==}
    engines: {node: '>= 6'}
    dependencies:
      is-glob: 4.0.3
    dev: false

  /human-signals@2.1.0:
    resolution: {integrity: sha512-B4FFZ6q/T2jhhksgkbEW3HBvWIfDW85snkQgawt07S7J5QXTk6BkNV+0yAeZrM5QpMAdYlocGoljn0sJ/WQkFw==}
    engines: {node: '>=10.17.0'}
    dev: false

  /human-signals@4.3.0:
    resolution: {integrity: sha512-zyzVyMjpGBX2+6cDVZeFPCdtOtdsxOeseRhB9tkQ6xXmGUNrcnBzdEKPy3VPNYz+4gy1oukVOXcrJCunSyc6QQ==}
    engines: {node: '>=14.18.0'}
    dev: false

  /human-signals@5.0.0:
    resolution: {integrity: sha512-AXcZb6vzzrFAUE61HnN4mpLqd/cSIwNQjtNWR0euPm6y0iqx3G4gOXaIDdtdDwZmhwe82LA6+zinmW4UBWVePQ==}
    engines: {node: '>=16.17.0'}
    dev: false

  /is-binary-path@2.1.0:
    resolution: {integrity: sha512-ZMERYes6pDydyuGidse7OsHxtbI7WVeUEozgR/g7rd0xUimYNlvZRE/K2MgZTjWy725IfelLeVcEM97mmtRGXw==}
    engines: {node: '>=8'}
    dependencies:
      binary-extensions: 2.2.0
    dev: false

  /is-docker@2.2.1:
    resolution: {integrity: sha512-F+i2BKsFrH66iaUFc0woD8sLy8getkwTwtOBjvs56Cx4CgJDeKQeqfz8wAYiSb8JOprWhHH5p77PbmYCvvUuXQ==}
    engines: {node: '>=8'}
    hasBin: true
    dev: false

  /is-docker@3.0.0:
    resolution: {integrity: sha512-eljcgEDlEns/7AXFosB5K/2nCM4P7FQPkGc/DWLy5rmFEWvZayGrik1d9/QIY5nJ4f9YsVvBkA6kJpHn9rISdQ==}
    engines: {node: ^12.20.0 || ^14.13.1 || >=16.0.0}
    hasBin: true
    dev: false

  /is-extglob@2.1.1:
    resolution: {integrity: sha512-SbKbANkN603Vi4jEZv49LeVJMn4yGwsbzZworEoyEiutsN3nJYdbO36zfhGJ6QEDpOZIFkDtnq5JRxmvl3jsoQ==}
    engines: {node: '>=0.10.0'}
    dev: false

  /is-glob@4.0.3:
    resolution: {integrity: sha512-xelSayHH36ZgE7ZWhli7pW34hNbNl8Ojv5KVmkJD4hBdD3th8Tfk9vYasLM+mXWOZhFkgZfxhLSnrwRr4elSSg==}
    engines: {node: '>=0.10.0'}
    dependencies:
      is-extglob: 2.1.1
    dev: false

  /is-inside-container@1.0.0:
    resolution: {integrity: sha512-KIYLCCJghfHZxqjYBE7rEy0OBuTd5xCHS7tHVgvCLkx7StIoaxwNW3hCALgEUjFfeRk+MG/Qxmp/vtETEF3tRA==}
    engines: {node: '>=14.16'}
    hasBin: true
    dependencies:
      is-docker: 3.0.0
    dev: false

  /is-number@7.0.0:
    resolution: {integrity: sha512-41Cifkg6e8TylSpdtTpeLVMqvSBEVzTttHvERD741+pnZ8ANv0004MRL43QKPDlK9cGvNp6NZWZUBlbGXYxxng==}
    engines: {node: '>=0.12.0'}
    dev: false

  /is-plain-object@5.0.0:
    resolution: {integrity: sha512-VRSzKkbMm5jMDoKLbltAkFQ5Qr7VDiTFGXxYFXXowVj387GeGNOCsOH6Msy00SGZ3Fp84b1Naa1psqgcCIEP5Q==}
    engines: {node: '>=0.10.0'}
    dev: false

  /is-stream@1.1.0:
    resolution: {integrity: sha512-uQPm8kcs47jx38atAcWTVxyltQYoPT68y9aWYdV6yWXSyW8mzSat0TL6CiWdZeCdF3KrAvpVtnHbTv4RN+rqdQ==}
    engines: {node: '>=0.10.0'}
    dev: false

  /is-stream@2.0.1:
    resolution: {integrity: sha512-hFoiJiTl63nn+kstHGBtewWSKnQLpyb155KHheA1l39uvtO9nWIop1p3udqPcUd/xbF1VLMO4n7OI6p7RbngDg==}
    engines: {node: '>=8'}
    dev: false

  /is-stream@3.0.0:
    resolution: {integrity: sha512-LnQR4bZ9IADDRSkvpqMGvt/tEJWclzklNgSw48V5EAaAeDd6qGvN8ei6k5p0tvxSR171VmGyHuTiAOfxAbr8kA==}
    engines: {node: ^12.20.0 || ^14.13.1 || >=16.0.0}
    dev: false

  /is-wsl@2.2.0:
    resolution: {integrity: sha512-fKzAra0rGJUUBwGBgNkHZuToZcn+TtXHpeCgmkMJMMYx1sQDYaCSyjJBSCa2nH1DGm7s3n1oBnohoVTBaN7Lww==}
    engines: {node: '>=8'}
    dependencies:
      is-docker: 2.2.1
    dev: false

  /isexe@2.0.0:
    resolution: {integrity: sha512-RHxMLp9lnKHGHRng9QFhRCMbYAcVpn69smSGcq3f36xjgVVWThj4qqLbTLlq7Ssj8B+fIQ1EuCEGI2lKsyQeIw==}
    dev: false

  /jiti@1.21.0:
    resolution: {integrity: sha512-gFqAIbuKyyso/3G2qhiO2OM6shY6EPP/R0+mkDbyspxKazh8BXDC5FiFsUjlczgdNz/vfra0da2y+aHrusLG/Q==}
    hasBin: true
    dev: false

  /jsonc-parser@3.2.0:
    resolution: {integrity: sha512-gfFQZrcTc8CnKXp6Y4/CBT3fTc0OVuDofpre4aEeEpSBPV5X5v4+Vmx+8snU7RLPrNHPKSgLxGo9YuQzz20o+w==}
    dev: false

  /lodash.get@4.4.2:
    resolution: {integrity: sha512-z+Uw/vLuy6gQe8cfaFWD7p0wVv8fJl3mbzXh33RS+0oW2wvUqiRXiQ69gLWSLpgB5/6sU+r6BlQR0MBILadqTQ==}
    dev: false

  /lodash.set@4.3.2:
    resolution: {integrity: sha512-4hNPN5jlm/N/HLMCO43v8BXKq9Z7QdAGc/VGrRD61w8gN9g/6jF9A4L1pbUgBLCffi0w9VsXfTOij5x8iTyFvg==}
    dev: false

  /lodash.uniq@4.5.0:
    resolution: {integrity: sha512-xfBaXQd9ryd9dlSDvnvI0lvxfLJlYAZzXomUYzLKtUeOQvOP5piqAWuGtrhWeqaXK9hhoM/iyJc5AV+XfsX3HQ==}
    dev: false

  /lru-cache@6.0.0:
    resolution: {integrity: sha512-Jo6dJ04CmSjuznwJSS3pUeWmd/H0ffTlkXXgwZi+eq1UCmqQwCh+eLsYOYCwY991i2Fah4h1BEMCx4qThGbsiA==}
    engines: {node: '>=10'}
    dependencies:
      yallist: 4.0.0
    dev: false

  /macos-release@2.5.1:
    resolution: {integrity: sha512-DXqXhEM7gW59OjZO8NIjBCz9AQ1BEMrfiOAl4AYByHCtVHRF4KoGNO8mqQeM8lRCtQe/UnJ4imO/d2HdkKsd+A==}
    engines: {node: '>=6'}
    dev: false

  /merge-stream@2.0.0:
    resolution: {integrity: sha512-abv/qOcuPfk3URPfDzmZU1LKmuw8kT+0nIHvKrKgFrwifol/doWcdA4ZqsWQ8ENrFKkd67Mfpo/LovbIUsbt3w==}
    dev: false

  /mimic-fn@2.1.0:
    resolution: {integrity: sha512-OqbOk5oEQeAZ8WXWydlu9HJjz9WVdEIvamMCcXmuqUYjTknH/sqsWvhQ3vgwKFRR1HpjvNBKQ37nbJgYzGqGcg==}
    engines: {node: '>=6'}
    dev: false

  /mimic-fn@4.0.0:
    resolution: {integrity: sha512-vqiC06CuhBTUdZH+RYl8sFrL096vA45Ok5ISO6sE/Mr1jRbGH4Csnhi8f3wKVl7x8mO4Au7Ir9D3Oyv1VYMFJw==}
    engines: {node: '>=12'}
    dev: false

  /minipass@3.3.6:
    resolution: {integrity: sha512-DxiNidxSEK+tHG6zOIklvNOwm3hvCrbUrdtzY74U6HKTJxvIDfOUL5W5P2Ghd3DTkhhKPYGqeNUIh5qcM4YBfw==}
    engines: {node: '>=8'}
    dependencies:
      yallist: 4.0.0
    dev: false

  /minipass@5.0.0:
    resolution: {integrity: sha512-3FnjYuehv9k6ovOEbyOswadCDPX1piCfhV8ncmYtHOjuPwylVWsghTLo7rabjC3Rx5xD4HDx8Wm1xnMF7S5qFQ==}
    engines: {node: '>=8'}
    dev: false

  /minizlib@2.1.2:
    resolution: {integrity: sha512-bAxsR8BVfj60DWXHE3u30oHzfl4G7khkSuPW+qvpd7jFRHm7dLxOjUk1EHACJ/hxLY8phGJ0YhYHZo7jil7Qdg==}
    engines: {node: '>= 8'}
    dependencies:
      minipass: 3.3.6
      yallist: 4.0.0
    dev: false

  /mkdirp@1.0.4:
    resolution: {integrity: sha512-vVqVZQyf3WLx2Shd0qJ9xuvqgAyKPLAiqITEtqW0oIUjzo3PePDd6fW9iFz30ef7Ysp/oiWqbhszeGWW2T6Gzw==}
    engines: {node: '>=10'}
    hasBin: true
    dev: false

  /mlly@1.2.0:
    resolution: {integrity: sha512-+c7A3CV0KGdKcylsI6khWyts/CYrGTrRVo4R/I7u/cUsy0Conxa6LUhiEzVKIw14lc2L5aiO4+SeVe4TeGRKww==}
    dependencies:
      acorn: 8.8.2
      pathe: 1.1.1
      pkg-types: 1.0.3
      ufo: 1.3.2
    dev: false

  /mlly@1.4.2:
    resolution: {integrity: sha512-i/Ykufi2t1EZ6NaPLdfnZk2AX8cs0d+mTzVKuPfqPKPatxLApaBoxJQ9x1/uckXtrS/U5oisPMDkNs0yQTaBRg==}
    dependencies:
      acorn: 8.11.3
      pathe: 1.1.1
      pkg-types: 1.0.3
      ufo: 1.3.2
    dev: false

  /mri@1.2.0:
    resolution: {integrity: sha512-tzzskb3bG8LvYGFF/mDTpq3jpI6Q9wc3LEmBaghu+DdCssd1FakN7Bc0hVNmEyGq1bq3RgfkCb3cmQLpNPOroA==}
    engines: {node: '>=4'}
    dev: false

  /nice-try@1.0.5:
    resolution: {integrity: sha512-1nh45deeb5olNY7eX82BkPO7SSxR5SSYJiPTrTdFUVYwAl8CKMA5N9PjTYkHiRjisVcxcQ1HXdLhx2qxxJzLNQ==}
    dev: false

  /node-fetch-native@1.6.1:
    resolution: {integrity: sha512-bW9T/uJDPAJB2YNYEpWzE54U5O3MQidXsOyTfnbKYtTtFexRvGzb1waphBN4ZwP6EcIvYYEOwW0b72BpAqydTw==}
    dev: false

  /node-fetch@2.6.9:
    resolution: {integrity: sha512-DJm/CJkZkRjKKj4Zi4BsKVZh3ValV5IR5s7LVZnW+6YMh0W1BfNA8XSs6DLMGYlId5F3KnA70uu2qepcR08Qqg==}
    engines: {node: 4.x || >=6.0.0}
    peerDependencies:
      encoding: ^0.1.0
    peerDependenciesMeta:
      encoding:
        optional: true
    dependencies:
      whatwg-url: 5.0.0
    dev: false

  /normalize-path@3.0.0:
    resolution: {integrity: sha512-6eZs5Ls3WtCisHWp9S2GUy8dqkpGi4BVSz3GaqiE6ezub0512ESztXUwUB6C6IKbQkY2Pnb/mD4WYojCRwcwLA==}
    engines: {node: '>=0.10.0'}
    dev: false

  /npm-run-path@2.0.2:
    resolution: {integrity: sha512-lJxZYlT4DW/bRUtFh1MQIWqmLwQfAxnqWG4HhEdjMlkrJYnJn0Jrr2u3mgxqaWsdiBc76TYkTG/mhrnYTuzfHw==}
    engines: {node: '>=4'}
    dependencies:
      path-key: 2.0.1
    dev: false

  /npm-run-path@4.0.1:
    resolution: {integrity: sha512-S48WzZW777zhNIrn7gxOlISNAqi9ZC/uQFnRdbeIHhZhCA6UqpkOT8T1G7BvfdgP4Er8gF4sUbaS0i7QvIfCWw==}
    engines: {node: '>=8'}
    dependencies:
      path-key: 3.1.1
    dev: false

  /npm-run-path@5.1.0:
    resolution: {integrity: sha512-sJOdmRGrY2sjNTRMbSvluQqg+8X7ZK61yvzBEIDhz4f8z1TZFYABsqjjCBd/0PUNE9M6QDgHJXQkGUEm7Q+l9Q==}
    engines: {node: ^12.20.0 || ^14.13.1 || >=16.0.0}
    dependencies:
      path-key: 4.0.0
    dev: false

  /nypm@0.3.4:
    resolution: {integrity: sha512-1JLkp/zHBrkS3pZ692IqOaIKSYHmQXgqfELk6YTOfVBnwealAmPA1q2kKK7PHJAHSMBozerThEFZXP3G6o7Ukg==}
    engines: {node: ^14.16.0 || >=16.10.0}
    hasBin: true
    dependencies:
      citty: 0.1.5
      execa: 8.0.1
      pathe: 1.1.1
      ufo: 1.3.2
    dev: false

  /octokit-pagination-methods@1.1.0:
    resolution: {integrity: sha512-fZ4qZdQ2nxJvtcasX7Ghl+WlWS/d9IgnBIwFZXVNNZUmzpno91SX5bc5vuxiuKoCtK78XxGGNuSCrDC7xYB3OQ==}
    dev: false

  /ofetch@1.3.3:
    resolution: {integrity: sha512-s1ZCMmQWXy4b5K/TW9i/DtiN8Ku+xCiHcjQ6/J/nDdssirrQNOoB165Zu8EqLMA2lln1JUth9a0aW9Ap2ctrUg==}
    dependencies:
      destr: 2.0.2
      node-fetch-native: 1.6.1
      ufo: 1.3.2
    dev: false

  /ohash@1.1.3:
    resolution: {integrity: sha512-zuHHiGTYTA1sYJ/wZN+t5HKZaH23i4yI1HMwbuXm24Nid7Dv0KcuRlKoNKS9UNfAVSBlnGLcuQrnOKWOZoEGaw==}
    dev: false

  /once@1.4.0:
    resolution: {integrity: sha512-lNaJgI+2Q5URQBkccEKHTQOPaXdUxnZZElQTZY0MFUAuaEqe1E+Nyvgdz/aIyNi6Z9MzO5dv1H8n58/GELp3+w==}
    dependencies:
      wrappy: 1.0.2
    dev: false

  /onetime@5.1.2:
    resolution: {integrity: sha512-kbpaSSGJTWdAY5KPVeMOKXSrPtr8C8C7wodJbcsd51jRnmD+GZu8Y0VoU6Dm5Z4vWr0Ig/1NKuWRKf7j5aaYSg==}
    engines: {node: '>=6'}
    dependencies:
      mimic-fn: 2.1.0
    dev: false

  /onetime@6.0.0:
    resolution: {integrity: sha512-1FlR+gjXK7X+AsAHso35MnyN5KqGwJRi/31ft6x0M194ht7S+rWAvd7PHss9xSKMzE0asv1pyIHaJYq+BbacAQ==}
    engines: {node: '>=12'}
    dependencies:
      mimic-fn: 4.0.0
    dev: false

  /open@9.1.0:
    resolution: {integrity: sha512-OS+QTnw1/4vrf+9hh1jc1jnYjzSG4ttTBB8UxOwAnInG3Uo4ssetzC1ihqaIHjLJnA5GGlRl6QlZXOTQhRBUvg==}
    engines: {node: '>=14.16'}
    dependencies:
      default-browser: 4.0.0
      define-lazy-prop: 3.0.0
      is-inside-container: 1.0.0
      is-wsl: 2.2.0
    dev: false

  /os-name@3.1.0:
    resolution: {integrity: sha512-h8L+8aNjNcMpo/mAIBPn5PXCM16iyPGjHNWo6U1YO8sJTMHtEtyczI6QJnLoplswm6goopQkqc7OAnjhWcugVg==}
    engines: {node: '>=6'}
    dependencies:
      macos-release: 2.5.1
      windows-release: 3.3.3
    dev: false

  /p-finally@1.0.0:
    resolution: {integrity: sha512-LICb2p9CB7FS+0eR1oqWnHhp0FljGLZCWBE9aix0Uye9W8LTQPwMTYVGWQWIw9RdQiDg4+epXQODwIYJtSJaow==}
    engines: {node: '>=4'}
    dev: false

  /path-key@2.0.1:
    resolution: {integrity: sha512-fEHGKCSmUSDPv4uoj8AlD+joPlq3peND+HRYyxFz4KPw4z926S/b8rIuFs2FYJg3BwsxJf6A9/3eIdLaYC+9Dw==}
    engines: {node: '>=4'}
    dev: false

  /path-key@3.1.1:
    resolution: {integrity: sha512-ojmeN0qd+y0jszEtoY48r0Peq5dwMEkIlCOu6Q5f41lfkswXuKtYrhgoTpLnyIcHm24Uhqx+5Tqm2InSwLhE6Q==}
    engines: {node: '>=8'}
    dev: false

  /path-key@4.0.0:
    resolution: {integrity: sha512-haREypq7xkM7ErfgIyA0z+Bj4AGKlMSdlQE2jvJo6huWD1EdkKYV+G/T4nq0YEF2vgTT8kqMFKo1uHn950r4SQ==}
    engines: {node: '>=12'}
    dev: false

  /pathe@1.1.1:
    resolution: {integrity: sha512-d+RQGp0MAYTIaDBIMmOfMwz3E+LOZnxx1HZd5R18mmCZY0QBlK0LDZfPc8FW8Ed2DlvsuE6PRjroDY+wg4+j/Q==}
    dev: false

  /perfect-debounce@1.0.0:
    resolution: {integrity: sha512-xCy9V055GLEqoFaHoC1SoLIaLmWctgCUaBaWxDZ7/Zx4CTyX7cJQLJOok/orfjZAh9kEYpjJa4d0KcJmCbctZA==}
    dev: false

  /picomatch@2.3.1:
    resolution: {integrity: sha512-JU3teHTNjmE2VCGFzuY8EXzCDVwEqB2a8fsIvwaStHhAWJEeVd1o1QD80CU6+ZdEXXSLbSsuLwJjkCBWqRQUVA==}
    engines: {node: '>=8.6'}
    dev: false

  /pkg-types@1.0.3:
    resolution: {integrity: sha512-nN7pYi0AQqJnoLPC9eHFQ8AcyaixBUOwvqc5TDnIKCMEE6I0y8P7OKA7fPexsXGCGxQDl/cmrLAp26LhcwxZ4A==}
    dependencies:
      jsonc-parser: 3.2.0
      mlly: 1.2.0
      pathe: 1.1.1
    dev: false

  /pump@3.0.0:
    resolution: {integrity: sha512-LwZy+p3SFs1Pytd/jYct4wpv49HiYCqd9Rlc5ZVdk0V+8Yzv6jR5Blk3TRmPL1ft69TxP0IMZGJ+WPFU2BFhww==}
    dependencies:
      end-of-stream: 1.4.4
      once: 1.4.0
    dev: false

  /rc9@2.1.1:
    resolution: {integrity: sha512-lNeOl38Ws0eNxpO3+wD1I9rkHGQyj1NU1jlzv4go2CtEnEQEUfqnIvZG7W+bC/aXdJ27n5x/yUjb6RoT9tko+Q==}
    dependencies:
      defu: 6.1.4
      destr: 2.0.2
      flat: 5.0.2
    dev: false

  /readdirp@3.6.0:
    resolution: {integrity: sha512-hOS089on8RduqdbhvQ5Z37A0ESjsqz6qnRcffsMU3495FuTdqSm+7bhJ29JvIOsBDEEnan5DPu9t3To9VRlMzA==}
    engines: {node: '>=8.10.0'}
    dependencies:
      picomatch: 2.3.1
    dev: false

  /run-applescript@5.0.0:
    resolution: {integrity: sha512-XcT5rBksx1QdIhlFOCtgZkB99ZEouFZ1E2Kc2LHqNW13U3/74YGdkQRmThTwxy4QIyookibDKYZOPqX//6BlAg==}
    engines: {node: '>=12'}
    dependencies:
      execa: 5.1.1
    dev: false

  /scule@1.0.0:
    resolution: {integrity: sha512-4AsO/FrViE/iDNEPaAQlb77tf0csuq27EsVpy6ett584EcRTp6pTDLoGWVxCD77y5iU5FauOvhsI4o1APwPoSQ==}
    dev: false

  /semver@5.7.1:
    resolution: {integrity: sha512-sauaDf/PZdVgrLTNYHRtpXa1iRiKcaebiKQ1BJdpQlWH2lCvexQdX55snPFyK7QzpudqbCI0qXFfOasHdyNDGQ==}
    hasBin: true
    dev: false

  /semver@7.5.4:
    resolution: {integrity: sha512-1bCSESV6Pv+i21Hvpxp3Dx+pSD8lIPt8uVjRrxAUt/nbswYc+tK6Y2btiULjd4+fnq15PX+nqQDC7Oft7WkwcA==}
    engines: {node: '>=10'}
    hasBin: true
    dependencies:
      lru-cache: 6.0.0
    dev: false

  /shebang-command@1.2.0:
    resolution: {integrity: sha512-EV3L1+UQWGor21OmnvojK36mhg+TyIKDh3iFBKBohr5xeXIhNBcx8oWdgkTEEQ+BEFFYdLRuqMfd5L84N1V5Vg==}
    engines: {node: '>=0.10.0'}
    dependencies:
      shebang-regex: 1.0.0
    dev: false

  /shebang-command@2.0.0:
    resolution: {integrity: sha512-kHxr2zZpYtdmrN1qDjrrX/Z1rR1kG8Dx+gkpK1G4eXmvXswmcE1hTWBWYUzlraYw1/yZp6YuDY77YtvbN0dmDA==}
    engines: {node: '>=8'}
    dependencies:
      shebang-regex: 3.0.0
    dev: false

  /shebang-regex@1.0.0:
    resolution: {integrity: sha512-wpoSFAxys6b2a2wHZ1XpDSgD7N9iVjg29Ph9uV/uaP9Ex/KXlkTZTeddxDPSYQpgvzKLGJke2UU0AzoGCjNIvQ==}
    engines: {node: '>=0.10.0'}
    dev: false

  /shebang-regex@3.0.0:
    resolution: {integrity: sha512-7++dFhtcx3353uBaq8DDR4NuxBetBzC7ZQOhmTQInHEd6bSrXdiEyzCvG07Z44UYdLShWUyXt5M/yhz8ekcb1A==}
    engines: {node: '>=8'}
    dev: false

  /signal-exit@3.0.7:
    resolution: {integrity: sha512-wnD2ZE+l+SPC/uoS0vXeE9L1+0wuaMqKlfz9AMUo38JsyLSBWSFcHR1Rri62LZc12vLr1gb3jl7iwQhgwpAbGQ==}
    dev: false

  /signal-exit@4.1.0:
    resolution: {integrity: sha512-bzyZ1e88w9O1iNJbKnOlvYTrWPDl46O1bG0D3XInv+9tkPrxrN8jUUTiFlDkkmKWgn1M6CfIA13SuGqOa9Korw==}
    engines: {node: '>=14'}
    dev: false

  /std-env@3.7.0:
    resolution: {integrity: sha512-JPbdCEQLj1w5GilpiHAx3qJvFndqybBysA3qUOnznweH4QbNYUsW/ea8QzSrnh0vNsezMMw5bcVool8lM0gwzg==}
    dev: false

  /strip-eof@1.0.0:
    resolution: {integrity: sha512-7FCwGGmx8mD5xQd3RPUvnSpUXHM3BWuzjtpD4TXsfcZ9EL4azvVVUscFYwD9nx8Kh+uCBC00XBtAykoMHwTh8Q==}
    engines: {node: '>=0.10.0'}
    dev: false

  /strip-final-newline@2.0.0:
    resolution: {integrity: sha512-BrpvfNAE3dcvq7ll3xVumzjKjZQ5tI1sEUIKr3Uoks0XUl45St3FlatVqef9prk4jRDzhW6WZg+3bk93y6pLjA==}
    engines: {node: '>=6'}
    dev: false

  /strip-final-newline@3.0.0:
    resolution: {integrity: sha512-dOESqjYr96iWYylGObzd39EuNTa5VJxyvVAEm5Jnh7KGo75V43Hk1odPQkNDyXNmUR6k+gEiDVXnjB8HJ3crXw==}
    engines: {node: '>=12'}
    dev: false

  /tar@6.2.0:
    resolution: {integrity: sha512-/Wo7DcT0u5HUV486xg675HtjNd3BXZ6xDbzsCUZPt5iw8bTQ63bP0Raut3mvro9u+CUyq7YQd8Cx55fsZXxqLQ==}
    engines: {node: '>=10'}
    dependencies:
      chownr: 2.0.0
      fs-minipass: 2.1.0
      minipass: 5.0.0
      minizlib: 2.1.2
      mkdirp: 1.0.4
      yallist: 4.0.0
    dev: false

  /titleize@3.0.0:
    resolution: {integrity: sha512-KxVu8EYHDPBdUYdKZdKtU2aj2XfEx9AfjXxE/Aj0vT06w2icA09Vus1rh6eSu1y01akYg6BjIK/hxyLJINoMLQ==}
    engines: {node: '>=12'}
    dev: false

  /to-regex-range@5.0.1:
    resolution: {integrity: sha512-65P7iz6X5yEr1cwcgvQxbbIw7Uk3gOy5dIdtZ4rDveLqhrdJP+Li/Hx6tyK0NEb+2GCyneCMJiGqrADCSNk8sQ==}
    engines: {node: '>=8.0'}
    dependencies:
      is-number: 7.0.0
    dev: false

  /tr46@0.0.3:
    resolution: {integrity: sha512-N3WMsuqV66lT30CrXNbEjx4GEwlow3v6rr4mCcv6prnfwhS01rkgyFdjPNBYd9br7LpXV1+Emh01fHnq2Gdgrw==}
    dev: false

  /tunnel@0.0.6:
    resolution: {integrity: sha512-1h/Lnq9yajKY2PEbBadPXj3VxsDDu844OnaAo52UVmIzIvwwtBPIuNvkjuzBlTWpfJyUbG3ez0KSBibQkj4ojg==}
    engines: {node: '>=0.6.11 <=0.7.0 || >=0.7.3'}
    dev: false

  /typescript@5.3.3:
    resolution: {integrity: sha512-pXWcraxM0uxAS+tN0AG/BF2TyqmHO014Z070UsJ+pFvYuRSq8KH8DmWpnbXe0pEPDHXZV3FcAbJkijJ5oNEnWw==}
    engines: {node: '>=14.17'}
    hasBin: true
    dev: true

  /ufo@1.3.2:
    resolution: {integrity: sha512-o+ORpgGwaYQXgqGDwd+hkS4PuZ3QnmqMMxRuajK/a38L6fTpcE5GPIfrf+L/KemFzfUpeUQc1rRS1iDBozvnFA==}
    dev: false

  /undici-types@5.26.5:
    resolution: {integrity: sha512-JlCMO+ehdEIKqlFxk6IfVoAUVmgz7cU7zD/h9XZ0qzeosSHmUJVOzSQvvYSYWXkFXC+IfLKSIffhv0sVZup6pA==}

  /universal-user-agent@4.0.1:
    resolution: {integrity: sha512-LnST3ebHwVL2aNe4mejI9IQh2HfZ1RLo8Io2HugSif8ekzD1TlWpHpColOB/eh8JHMLkGH3Akqf040I+4ylNxg==}
    dependencies:
      os-name: 3.1.0
    dev: false

  /universal-user-agent@6.0.0:
    resolution: {integrity: sha512-isyNax3wXoKaulPDZWHQqbmIx1k2tb9fb3GGDBRxCscfYV2Ch7WxPArBsFEG8s/safwXTT7H4QGhaIkTp9447w==}
    dev: false

  /untildify@4.0.0:
    resolution: {integrity: sha512-KK8xQ1mkzZeg9inewmFVDNkg3l5LUhoq9kN6iWYB/CC9YMG8HA+c1Q8HwDe6dEX7kErrEVNVBO3fWsVq5iDgtw==}
    engines: {node: '>=8'}
    dev: false

  /uuid@8.3.2:
    resolution: {integrity: sha512-+NYs2QeMWy+GWFOEm9xnn6HCDp0l7QBD7ml8zLUmJ+93Q5NF0NocErnwkTkXVFNiX3/fpC6afS8Dhb/gz7R7eg==}
    hasBin: true
    dev: false

  /webidl-conversions@3.0.1:
    resolution: {integrity: sha512-2JAn3z8AR6rjK8Sm8orRC0h/bcl/DqL7tRPdGZ4I1CjdF+EaMLmYxBHyXuKL849eucPFhvBoxMsflfOb8kxaeQ==}
    dev: false

  /whatwg-url@5.0.0:
    resolution: {integrity: sha512-saE57nupxk6v3HY35+jzBwYa0rKSy0XR8JSxZPwgLr7ys0IBzhGviA1/TUGJLmSVqs8pb9AnvICXEuOHLprYTw==}
    dependencies:
      tr46: 0.0.3
      webidl-conversions: 3.0.1
    dev: false

  /which@1.3.1:
    resolution: {integrity: sha512-HxJdYWq1MTIQbJ3nw0cqssHoTNU267KlrDuGZ1WYlxDStUtKUhOaJmh112/TZmHxxUfuJqPXSOm7tDyas0OSIQ==}
    hasBin: true
    dependencies:
      isexe: 2.0.0
    dev: false

  /which@2.0.2:
    resolution: {integrity: sha512-BLI3Tl1TW3Pvl70l3yq3Y64i+awpwXqsGBYWkkqMtnbXgrMD+yj7rhW0kuEDxzJaYXGjEW5ogapKNMEKNMjibA==}
    engines: {node: '>= 8'}
    hasBin: true
    dependencies:
      isexe: 2.0.0
    dev: false

  /windows-release@3.3.3:
    resolution: {integrity: sha512-OSOGH1QYiW5yVor9TtmXKQvt2vjQqbYS+DqmsZw+r7xDwLXEeT3JGW0ZppFmHx4diyXmxt238KFR3N9jzevBRg==}
    engines: {node: '>=6'}
    dependencies:
      execa: 1.0.0
    dev: false

  /wrappy@1.0.2:
    resolution: {integrity: sha512-l4Sp/DRseor9wL6EvV2+TuQn63dMkPjZ/sp9XkghTEbV9KlPS1xUsZ3u7/IQO4wxtcFB4bgpQPRcR3QCvezPcQ==}
    dev: false

  /yallist@4.0.0:
    resolution: {integrity: sha512-3wdGidZyq5PB084XLES5TpOSRA3wjXAlIWMhum2kRcv/41Sn2emQ0dycQW4uZXLejwKvg6EsvbdlVL+FYEct7A==}
    dev: false

  /yaml@2.3.4:
    resolution: {integrity: sha512-8aAvwVUSHpfEqTQ4w/KMlf3HcRdt50E5ODIQJBw1fQ5RL34xabzxtUlzTXVqc4rkZsPbvrXKWnABCD7kWSmocA==}
    engines: {node: '>= 14'}
    dev: false
